
Microsoft Visual Studio Solution File, Format Version 12.00
# Visual Studio Version 16
VisualStudioVersion = 16.0.30114.105
MinimumVisualStudioVersion = 10.0.40219.1
Project("{FAE04EC0-301F-11D3-BF4B-00C04F79EFBC}") = "School Mangement Project", "School Mangement Project\School Mangement Project.csproj", "{2B1B1783-4B9B-4C2E-8AEC-30A9D6AAF10C}"
EndProject
Global
	GlobalSection(SolutionConfigurationPlatforms) = preSolution
		Debug|Any CPU = Debug|Any CPU
		Release|Any CPU = Release|Any CPU
	EndGlobalSection
	GlobalSection(ProjectConfigurationPlatforms) = postSolution
		{2B1B1783-4B9B-4C2E-8AEC-30A9D6AAF10C}.Debug|Any CPU.ActiveCfg = Debug|Any CPU
		{2B1B1783-4B9B-4C2E-8AEC-30A9D6AAF10C}.Debug|Any CPU.Build.0 = Debug|Any CPU
		{2B1B1783-4B9B-4C2E-8AEC-30A9D6AAF10C}.Release|Any CPU.ActiveCfg = Release|Any CPU
		{2B1B1783-4B9B-4C2E-8AEC-30A9D6AAF10C}.Release|Any CPU.Build.0 = Release|Any CPU
	EndGlobalSection
	GlobalSection(SolutionProperties) = preSolution
		HideSolutionNode = FALSE
	EndGlobalSection
	GlobalSection(ExtensibilityGlobals) = postSolution
		SolutionGuid = {84332D5A-6F06-4188-8889-6513E0F567C6}
	EndGlobalSection
EndGlobal
